
Microsoft Visual Studio Solution File, Format Version 12.00
# Visual Studio Version 16
VisualStudioVersion = 16.0.31321.278
MinimumVisualStudioVersion = 10.0.40219.1
Project("{FAE04EC0-301F-11D3-BF4B-00C04F79EFBC}") = "ContohMVVM.Android", "ContohMVVM\ContohMVVM.Android\ContohMVVM.Android.csproj", "{30C821C8-FC78-472F-B343-55D6A05909A8}"
EndProject
Project("{FAE04EC0-301F-11D3-BF4B-00C04F79EFBC}") = "ContohMVVM.iOS", "ContohMVVM\ContohMVVM.iOS\ContohMVVM.iOS.csproj", "{2D8A5CF1-0EAC-47DF-B60F-8A2CA1EFC1C7}"
EndProject
Project("{FAE04EC0-301F-11D3-BF4B-00C04F79EFBC}") = "ContohMVVM", "ContohMVVM\ContohMVVM\ContohMVVM.csproj", "{16FAA5AC-C70B-4F1B-AE53-122F6EC9882A}"
EndProject
Global
	GlobalSection(SolutionConfigurationPlatforms) = preSolution
		Debug|Any CPU = Debug|Any CPU
		Debug|iPhone = Debug|iPhone
		Debug|iPhoneSimulator = Debug|iPhoneSimulator
		Release|Any CPU = Release|Any CPU
		Release|iPhone = Release|iPhone
		Release|iPhoneSimulator = Release|iPhoneSimulator
	EndGlobalSection
	GlobalSection(ProjectConfigurationPlatforms) = postSolution
		{30C821C8-FC78-472F-B343-55D6A05909A8}.Debug|Any CPU.ActiveCfg = Debug|Any CPU
		{30C821C8-FC78-472F-B343-55D6A05909A8}.Debug|Any CPU.Build.0 = Debug|Any CPU
		{30C821C8-FC78-472F-B343-55D6A05909A8}.Debug|Any CPU.Deploy.0 = Debug|Any CPU
		{30C821C8-FC78-472F-B343-55D6A05909A8}.Debug|iPhone.ActiveCfg = Debug|Any CPU
		{30C821C8-FC78-472F-B343-55D6A05909A8}.Debug|iPhone.Build.0 = Debug|Any CPU
		{30C821C8-FC78-472F-B343-55D6A05909A8}.Debug|iPhone.Deploy.0 = Debug|Any CPU
		{30C821C8-FC78-472F-B343-55D6A05909A8}.Debug|iPhoneSimulator.ActiveCfg = Debug|Any CPU
		{30C821C8-FC78-472F-B343-55D6A05909A8}.Debug|iPhoneSimulator.Build.0 = Debug|Any CPU
		{30C821C8-FC78-472F-B343-55D6A05909A8}.Debug|iPhoneSimulator.Deploy.0 = Debug|Any CPU
		{30C821C8-FC78-472F-B343-55D6A05909A8}.Release|Any CPU.ActiveCfg = Release|Any CPU
		{30C821C8-FC78-472F-B343-55D6A05909A8}.Release|Any CPU.Build.0 = Release|Any CPU
		{30C821C8-FC78-472F-B343-55D6A05909A8}.Release|Any CPU.Deploy.0 = Release|Any CPU
		{30C821C8-FC78-472F-B343-55D6A05909A8}.Release|iPhone.ActiveCfg = Release|Any CPU
		{30C821C8-FC78-472F-B343-55D6A05909A8}.Release|iPhone.Build.0 = Release|Any CPU
		{30C821C8-FC78-472F-B343-55D6A05909A8}.Release|iPhone.Deploy.0 = Release|Any CPU
		{30C821C8-FC78-472F-B343-55D6A05909A8}.Release|iPhoneSimulator.ActiveCfg = Release|Any CPU
		{30C821C8-FC78-472F-B343-55D6A05909A8}.Release|iPhoneSimulator.Build.0 = Release|Any CPU
		{30C821C8-FC78-472F-B343-55D6A05909A8}.Release|iPhoneSimulator.Deploy.0 = Release|Any CPU
		{2D8A5CF1-0EAC-47DF-B60F-8A2CA1EFC1C7}.Debug|Any CPU.ActiveCfg = Debug|iPhone
		{2D8A5CF1-0EAC-47DF-B60F-8A2CA1EFC1C7}.Debug|Any CPU.Build.0 = Debug|iPhone
		{2D8A5CF1-0EAC-47DF-B60F-8A2CA1EFC1C7}.Debug|Any CPU.Deploy.0 = Debug|iPhone
		{2D8A5CF1-0EAC-47DF-B60F-8A2CA1EFC1C7}.Debug|iPhone.ActiveCfg = Debug|iPhone
		{2D8A5CF1-0EAC-47DF-B60F-8A2CA1EFC1C7}.Debug|iPhone.Build.0 = Debug|iPhone
		{2D8A5CF1-0EAC-47DF-B60F-8A2CA1EFC1C7}.Debug|iPhone.Deploy.0 = Debug|iPhone
		{2D8A5CF1-0EAC-47DF-B60F-8A2CA1EFC1C7}.Debug|iPhoneSimulator.ActiveCfg = Debug|iPhoneSimulator
		{2D8A5CF1-0EAC-47DF-B60F-8A2CA1EFC1C7}.Debug|iPhoneSimulator.Build.0 = Debug|iPhoneSimulator
		{2D8A5CF1-0EAC-47DF-B60F-8A2CA1EFC1C7}.Debug|iPhoneSimulator.Deploy.0 = Debug|iPhoneSimulator
		{2D8A5CF1-0EAC-47DF-B60F-8A2CA1EFC1C7}.Release|Any CPU.ActiveCfg = Release|iPhoneSimulator
		{2D8A5CF1-0EAC-47DF-B60F-8A2CA1EFC1C7}.Release|Any CPU.Build.0 = Release|iPhoneSimulator
		{2D8A5CF1-0EAC-47DF-B60F-8A2CA1EFC1C7}.Release|Any CPU.Deploy.0 = Release|iPhoneSimulator
		{2D8A5CF1-0EAC-47DF-B60F-8A2CA1EFC1C7}.Release|iPhone.ActiveCfg = Release|iPhone
		{2D8A5CF1-0EAC-47DF-B60F-8A2CA1EFC1C7}.Release|iPhone.Build.0 = Release|iPhone
		{2D8A5CF1-0EAC-47DF-B60F-8A2CA1EFC1C7}.Release|iPhone.Deploy.0 = Release|iPhone
		{2D8A5CF1-0EAC-47DF-B60F-8A2CA1EFC1C7}.Release|iPhoneSimulator.ActiveCfg = Release|iPhoneSimulator
		{2D8A5CF1-0EAC-47DF-B60F-8A2CA1EFC1C7}.Release|iPhoneSimulator.Build.0 = Release|iPhoneSimulator
		{2D8A5CF1-0EAC-47DF-B60F-8A2CA1EFC1C7}.Release|iPhoneSimulator.Deploy.0 = Release|iPhoneSimulator
		{16FAA5AC-C70B-4F1B-AE53-122F6EC9882A}.Debug|Any CPU.ActiveCfg = Debug|Any CPU
		{16FAA5AC-C70B-4F1B-AE53-122F6EC9882A}.Debug|Any CPU.Build.0 = Debug|Any CPU
		{16FAA5AC-C70B-4F1B-AE53-122F6EC9882A}.Debug|Any CPU.Deploy.0 = Debug|Any CPU
		{16FAA5AC-C70B-4F1B-AE53-122F6EC9882A}.Debug|iPhone.ActiveCfg = Debug|Any CPU
		{16FAA5AC-C70B-4F1B-AE53-122F6EC9882A}.Debug|iPhone.Build.0 = Debug|Any CPU
		{16FAA5AC-C70B-4F1B-AE53-122F6EC9882A}.Debug|iPhone.Deploy.0 = Debug|Any CPU
		{16FAA5AC-C70B-4F1B-AE53-122F6EC9882A}.Debug|iPhoneSimulator.ActiveCfg = Debug|Any CPU
		{16FAA5AC-C70B-4F1B-AE53-122F6EC9882A}.Debug|iPhoneSimulator.Build.0 = Debug|Any CPU
		{16FAA5AC-C70B-4F1B-AE53-122F6EC9882A}.Debug|iPhoneSimulator.Deploy.0 = Debug|Any CPU
		{16FAA5AC-C70B-4F1B-AE53-122F6EC9882A}.Release|Any CPU.ActiveCfg = Release|Any CPU
		{16FAA5AC-C70B-4F1B-AE53-122F6EC9882A}.Release|Any CPU.Build.0 = Release|Any CPU
		{16FAA5AC-C70B-4F1B-AE53-122F6EC9882A}.Release|Any CPU.Deploy.0 = Release|Any CPU
		{16FAA5AC-C70B-4F1B-AE53-122F6EC9882A}.Release|iPhone.ActiveCfg = Release|Any CPU
		{16FAA5AC-C70B-4F1B-AE53-122F6EC9882A}.Release|iPhone.Build.0 = Release|Any CPU
		{16FAA5AC-C70B-4F1B-AE53-122F6EC9882A}.Release|iPhone.Deploy.0 = Release|Any CPU
		{16FAA5AC-C70B-4F1B-AE53-122F6EC9882A}.Release|iPhoneSimulator.ActiveCfg = Release|Any CPU
		{16FAA5AC-C70B-4F1B-AE53-122F6EC9882A}.Release|iPhoneSimulator.Build.0 = Release|Any CPU
		{16FAA5AC-C70B-4F1B-AE53-122F6EC9882A}.Release|iPhoneSimulator.Deploy.0 = Release|Any CPU
	EndGlobalSection
	GlobalSection(SolutionProperties) = preSolution
		HideSolutionNode = FALSE
	EndGlobalSection
	GlobalSection(ExtensibilityGlobals) = postSolution
		SolutionGuid = {8B7A2D8B-0D73-48D0-B0A5-4C788A7043AB}
	EndGlobalSection
EndGlobal
